github.com/a-h/templ v0.2.543 h1:8YyLvyUtf0/IE2nIwZ62Z/m2o2NqwhnMynzOL78Lzbk=
github.com/a-h/templ v0.2.543/go.mod h1:jP908DQCwI08IrnTalhzSEH9WJqG/Q94+EODQcJGFUA=
github.com/a-h/templ v0.2.598 h1:6jMIHv6wQZvdPxTuv87erW4RqN/FPU0wk7ZHN5wVuuo=
github.com/a-h/templ v0.2.598/go.mod h1:SA7mtYwVEajbIXFRh3vKdYm/4FYyLQAtPH1+KxzGPA8=
